
Microsoft Visual Studio Solution File, Format Version 12.00
# Visual Studio Version 16
VisualStudioVersion = 16.0.30114.105
MinimumVisualStudioVersion = 10.0.40219.1
Project("{9092AA53-FB77-4645-B42D-1CCCA6BD08BD}") = "COMP2068_Assignment1", "COMP2068_Assignment1\COMP2068_Assignment1.njsproj", "{B215624B-8F9E-41CE-B383-C442E03BF01F}"
EndProject
Global
	GlobalSection(SolutionConfigurationPlatforms) = preSolution
		Debug|Any CPU = Debug|Any CPU
		Release|Any CPU = Release|Any CPU
	EndGlobalSection
	GlobalSection(ProjectConfigurationPlatforms) = postSolution
		{B215624B-8F9E-41CE-B383-C442E03BF01F}.Debug|Any CPU.ActiveCfg = Debug|Any CPU
		{B215624B-8F9E-41CE-B383-C442E03BF01F}.Debug|Any CPU.Build.0 = Debug|Any CPU
		{B215624B-8F9E-41CE-B383-C442E03BF01F}.Release|Any CPU.ActiveCfg = Release|Any CPU
		{B215624B-8F9E-41CE-B383-C442E03BF01F}.Release|Any CPU.Build.0 = Release|Any CPU
	EndGlobalSection
	GlobalSection(SolutionProperties) = preSolution
		HideSolutionNode = FALSE
	EndGlobalSection
	GlobalSection(ExtensibilityGlobals) = postSolution
		SolutionGuid = {7B6E3FEB-05D2-41D2-B655-2A837D428075}
	EndGlobalSection
EndGlobal
